
Microsoft Visual Studio Solution File, Format Version 12.00
# Visual Studio Version 17
VisualStudioVersion = 17.13.35825.156 d17.13
MinimumVisualStudioVersion = 10.0.40219.1
Project("{FAE04EC0-301F-11D3-BF4B-00C04F79EFBC}") = "u22710362_HW3", "u22710362_HW3.csproj", "{46121385-FBD4-45A1-8D5D-1A1CE06B0A4D}"
EndProject
Global
	GlobalSection(SolutionConfigurationPlatforms) = preSolution
		Debug|Any CPU = Debug|Any CPU
		Release|Any CPU = Release|Any CPU
	EndGlobalSection
	GlobalSection(ProjectConfigurationPlatforms) = postSolution
		{46121385-FBD4-45A1-8D5D-1A1CE06B0A4D}.Debug|Any CPU.ActiveCfg = Debug|Any CPU
		{46121385-FBD4-45A1-8D5D-1A1CE06B0A4D}.Debug|Any CPU.Build.0 = Debug|Any CPU
		{46121385-FBD4-45A1-8D5D-1A1CE06B0A4D}.Release|Any CPU.ActiveCfg = Release|Any CPU
		{46121385-FBD4-45A1-8D5D-1A1CE06B0A4D}.Release|Any CPU.Build.0 = Release|Any CPU
	EndGlobalSection
	GlobalSection(SolutionProperties) = preSolution
		HideSolutionNode = FALSE
	EndGlobalSection
	GlobalSection(ExtensibilityGlobals) = postSolution
		SolutionGuid = {3B41DD1D-8D75-4874-8294-BD460D55E0C1}
	EndGlobalSection
EndGlobal
